
Microsoft Visual Studio Solution File, Format Version 12.00
# Visual Studio 15
VisualStudioVersion = 15.0.26124.0
MinimumVisualStudioVersion = 15.0.26124.0
Project("{2150E333-8FDC-42A3-9474-1A3956D46DE8}") = "src", "src", "{6BC1F86F-80F3-4BB8-AC82-D586C55D8E46}"
EndProject
Project("{2150E333-8FDC-42A3-9474-1A3956D46DE8}") = "Building Blocks", "Building Blocks", "{26E947E8-D8C0-4B75-93C5-5A12FF88F956}"
EndProject
Project("{FAE04EC0-301F-11D3-BF4B-00C04F79EFBC}") = "Hrms.Core", "Building Blocks\Core\Hrms.Core\Hrms.Core.csproj", "{70B3133F-7E77-47D7-9566-AB1E7E5BB1FF}"
EndProject
Project("{FAE04EC0-301F-11D3-BF4B-00C04F79EFBC}") = "Hrms.Core.Autofac", "Building Blocks\Core\Hrms.Core.Autofac\Hrms.Core.Autofac.csproj", "{A7EE3539-C24C-4D44-8BD4-737435C679D7}"
EndProject
Project("{FAE04EC0-301F-11D3-BF4B-00C04F79EFBC}") = "Hrms.EntityFrameworkCore", "Building Blocks\Core\Hrms.EntityFrameworkCore\Hrms.EntityFrameworkCore.csproj", "{A7676D5C-F10D-4398-9685-39D45B653336}"
EndProject
Project("{FAE04EC0-301F-11D3-BF4B-00C04F79EFBC}") = "Hrms.Web", "Building Blocks\Core\Hrms.Web\Hrms.Web.csproj", "{4D2C220F-F671-4ACD-BE4B-023787A87C62}"
EndProject
Project("{FAE04EC0-301F-11D3-BF4B-00C04F79EFBC}") = "Arms.Api", "src\Arms.Api\Arms.Api.csproj", "{6B1736B2-0149-41C9-8EC6-DCD0051DA6EC}"
EndProject
Project("{FAE04EC0-301F-11D3-BF4B-00C04F79EFBC}") = "Arms.Domain", "src\Arms.Domain\Arms.Domain.csproj", "{8358E378-7598-467A-9456-D0F06024F426}"
EndProject
Project("{FAE04EC0-301F-11D3-BF4B-00C04F79EFBC}") = "Arms.Infrastructure", "src\Arms.Infrastructure\Arms.Infrastructure.csproj", "{0EEEE7D3-8B89-4245-9525-0885A39BB066}"
EndProject
Project("{FAE04EC0-301F-11D3-BF4B-00C04F79EFBC}") = "Arms.Application", "src\Arms.Application\Arms.Application.csproj", "{6AE65E17-E1AB-44F2-B6BF-E7A75811A58F}"
EndProject
Global
	GlobalSection(SolutionConfigurationPlatforms) = preSolution
		Debug|Any CPU = Debug|Any CPU
		Debug|x64 = Debug|x64
		Debug|x86 = Debug|x86
		Release|Any CPU = Release|Any CPU
		Release|x64 = Release|x64
		Release|x86 = Release|x86
	EndGlobalSection
	GlobalSection(SolutionProperties) = preSolution
		HideSolutionNode = FALSE
	EndGlobalSection
	GlobalSection(ProjectConfigurationPlatforms) = postSolution
		{70B3133F-7E77-47D7-9566-AB1E7E5BB1FF}.Debug|Any CPU.ActiveCfg = Debug|Any CPU
		{70B3133F-7E77-47D7-9566-AB1E7E5BB1FF}.Debug|Any CPU.Build.0 = Debug|Any CPU
		{70B3133F-7E77-47D7-9566-AB1E7E5BB1FF}.Debug|x64.ActiveCfg = Debug|Any CPU
		{70B3133F-7E77-47D7-9566-AB1E7E5BB1FF}.Debug|x64.Build.0 = Debug|Any CPU
		{70B3133F-7E77-47D7-9566-AB1E7E5BB1FF}.Debug|x86.ActiveCfg = Debug|Any CPU
		{70B3133F-7E77-47D7-9566-AB1E7E5BB1FF}.Debug|x86.Build.0 = Debug|Any CPU
		{70B3133F-7E77-47D7-9566-AB1E7E5BB1FF}.Release|Any CPU.ActiveCfg = Release|Any CPU
		{70B3133F-7E77-47D7-9566-AB1E7E5BB1FF}.Release|Any CPU.Build.0 = Release|Any CPU
		{70B3133F-7E77-47D7-9566-AB1E7E5BB1FF}.Release|x64.ActiveCfg = Release|Any CPU
		{70B3133F-7E77-47D7-9566-AB1E7E5BB1FF}.Release|x64.Build.0 = Release|Any CPU
		{70B3133F-7E77-47D7-9566-AB1E7E5BB1FF}.Release|x86.ActiveCfg = Release|Any CPU
		{70B3133F-7E77-47D7-9566-AB1E7E5BB1FF}.Release|x86.Build.0 = Release|Any CPU
		{A7EE3539-C24C-4D44-8BD4-737435C679D7}.Debug|Any CPU.ActiveCfg = Debug|Any CPU
		{A7EE3539-C24C-4D44-8BD4-737435C679D7}.Debug|Any CPU.Build.0 = Debug|Any CPU
		{A7EE3539-C24C-4D44-8BD4-737435C679D7}.Debug|x64.ActiveCfg = Debug|Any CPU
		{A7EE3539-C24C-4D44-8BD4-737435C679D7}.Debug|x64.Build.0 = Debug|Any CPU
		{A7EE3539-C24C-4D44-8BD4-737435C679D7}.Debug|x86.ActiveCfg = Debug|Any CPU
		{A7EE3539-C24C-4D44-8BD4-737435C679D7}.Debug|x86.Build.0 = Debug|Any CPU
		{A7EE3539-C24C-4D44-8BD4-737435C679D7}.Release|Any CPU.ActiveCfg = Release|Any CPU
		{A7EE3539-C24C-4D44-8BD4-737435C679D7}.Release|Any CPU.Build.0 = Release|Any CPU
		{A7EE3539-C24C-4D44-8BD4-737435C679D7}.Release|x64.ActiveCfg = Release|Any CPU
		{A7EE3539-C24C-4D44-8BD4-737435C679D7}.Release|x64.Build.0 = Release|Any CPU
		{A7EE3539-C24C-4D44-8BD4-737435C679D7}.Release|x86.ActiveCfg = Release|Any CPU
		{A7EE3539-C24C-4D44-8BD4-737435C679D7}.Release|x86.Build.0 = Release|Any CPU
		{A7676D5C-F10D-4398-9685-39D45B653336}.Debug|Any CPU.ActiveCfg = Debug|Any CPU
		{A7676D5C-F10D-4398-9685-39D45B653336}.Debug|Any CPU.Build.0 = Debug|Any CPU
		{A7676D5C-F10D-4398-9685-39D45B653336}.Debug|x64.ActiveCfg = Debug|Any CPU
		{A7676D5C-F10D-4398-9685-39D45B653336}.Debug|x64.Build.0 = Debug|Any CPU
		{A7676D5C-F10D-4398-9685-39D45B653336}.Debug|x86.ActiveCfg = Debug|Any CPU
		{A7676D5C-F10D-4398-9685-39D45B653336}.Debug|x86.Build.0 = Debug|Any CPU
		{A7676D5C-F10D-4398-9685-39D45B653336}.Release|Any CPU.ActiveCfg = Release|Any CPU
		{A7676D5C-F10D-4398-9685-39D45B653336}.Release|Any CPU.Build.0 = Release|Any CPU
		{A7676D5C-F10D-4398-9685-39D45B653336}.Release|x64.ActiveCfg = Release|Any CPU
		{A7676D5C-F10D-4398-9685-39D45B653336}.Release|x64.Build.0 = Release|Any CPU
		{A7676D5C-F10D-4398-9685-39D45B653336}.Release|x86.ActiveCfg = Release|Any CPU
		{A7676D5C-F10D-4398-9685-39D45B653336}.Release|x86.Build.0 = Release|Any CPU
		{4D2C220F-F671-4ACD-BE4B-023787A87C62}.Debug|Any CPU.ActiveCfg = Debug|Any CPU
		{4D2C220F-F671-4ACD-BE4B-023787A87C62}.Debug|Any CPU.Build.0 = Debug|Any CPU
		{4D2C220F-F671-4ACD-BE4B-023787A87C62}.Debug|x64.ActiveCfg = Debug|Any CPU
		{4D2C220F-F671-4ACD-BE4B-023787A87C62}.Debug|x64.Build.0 = Debug|Any CPU
		{4D2C220F-F671-4ACD-BE4B-023787A87C62}.Debug|x86.ActiveCfg = Debug|Any CPU
		{4D2C220F-F671-4ACD-BE4B-023787A87C62}.Debug|x86.Build.0 = Debug|Any CPU
		{4D2C220F-F671-4ACD-BE4B-023787A87C62}.Release|Any CPU.ActiveCfg = Release|Any CPU
		{4D2C220F-F671-4ACD-BE4B-023787A87C62}.Release|Any CPU.Build.0 = Release|Any CPU
		{4D2C220F-F671-4ACD-BE4B-023787A87C62}.Release|x64.ActiveCfg = Release|Any CPU
		{4D2C220F-F671-4ACD-BE4B-023787A87C62}.Release|x64.Build.0 = Release|Any CPU
		{4D2C220F-F671-4ACD-BE4B-023787A87C62}.Release|x86.ActiveCfg = Release|Any CPU
		{4D2C220F-F671-4ACD-BE4B-023787A87C62}.Release|x86.Build.0 = Release|Any CPU
		{6B1736B2-0149-41C9-8EC6-DCD0051DA6EC}.Debug|Any CPU.ActiveCfg = Debug|Any CPU
		{6B1736B2-0149-41C9-8EC6-DCD0051DA6EC}.Debug|Any CPU.Build.0 = Debug|Any CPU
		{6B1736B2-0149-41C9-8EC6-DCD0051DA6EC}.Debug|x64.ActiveCfg = Debug|Any CPU
		{6B1736B2-0149-41C9-8EC6-DCD0051DA6EC}.Debug|x64.Build.0 = Debug|Any CPU
		{6B1736B2-0149-41C9-8EC6-DCD0051DA6EC}.Debug|x86.ActiveCfg = Debug|Any CPU
		{6B1736B2-0149-41C9-8EC6-DCD0051DA6EC}.Debug|x86.Build.0 = Debug|Any CPU
		{6B1736B2-0149-41C9-8EC6-DCD0051DA6EC}.Release|Any CPU.ActiveCfg = Release|Any CPU
		{6B1736B2-0149-41C9-8EC6-DCD0051DA6EC}.Release|Any CPU.Build.0 = Release|Any CPU
		{6B1736B2-0149-41C9-8EC6-DCD0051DA6EC}.Release|x64.ActiveCfg = Release|Any CPU
		{6B1736B2-0149-41C9-8EC6-DCD0051DA6EC}.Release|x64.Build.0 = Release|Any CPU
		{6B1736B2-0149-41C9-8EC6-DCD0051DA6EC}.Release|x86.ActiveCfg = Release|Any CPU
		{6B1736B2-0149-41C9-8EC6-DCD0051DA6EC}.Release|x86.Build.0 = Release|Any CPU
		{8358E378-7598-467A-9456-D0F06024F426}.Debug|Any CPU.ActiveCfg = Debug|Any CPU
		{8358E378-7598-467A-9456-D0F06024F426}.Debug|Any CPU.Build.0 = Debug|Any CPU
		{8358E378-7598-467A-9456-D0F06024F426}.Debug|x64.ActiveCfg = Debug|Any CPU
		{8358E378-7598-467A-9456-D0F06024F426}.Debug|x64.Build.0 = Debug|Any CPU
		{8358E378-7598-467A-9456-D0F06024F426}.Debug|x86.ActiveCfg = Debug|Any CPU
		{8358E378-7598-467A-9456-D0F06024F426}.Debug|x86.Build.0 = Debug|Any CPU
		{8358E378-7598-467A-9456-D0F06024F426}.Release|Any CPU.ActiveCfg = Release|Any CPU
		{8358E378-7598-467A-9456-D0F06024F426}.Release|Any CPU.Build.0 = Release|Any CPU
		{8358E378-7598-467A-9456-D0F06024F426}.Release|x64.ActiveCfg = Release|Any CPU
		{8358E378-7598-467A-9456-D0F06024F426}.Release|x64.Build.0 = Release|Any CPU
		{8358E378-7598-467A-9456-D0F06024F426}.Release|x86.ActiveCfg = Release|Any CPU
		{8358E378-7598-467A-9456-D0F06024F426}.Release|x86.Build.0 = Release|Any CPU
		{0EEEE7D3-8B89-4245-9525-0885A39BB066}.Debug|Any CPU.ActiveCfg = Debug|Any CPU
		{0EEEE7D3-8B89-4245-9525-0885A39BB066}.Debug|Any CPU.Build.0 = Debug|Any CPU
		{0EEEE7D3-8B89-4245-9525-0885A39BB066}.Debug|x64.ActiveCfg = Debug|Any CPU
		{0EEEE7D3-8B89-4245-9525-0885A39BB066}.Debug|x64.Build.0 = Debug|Any CPU
		{0EEEE7D3-8B89-4245-9525-0885A39BB066}.Debug|x86.ActiveCfg = Debug|Any CPU
		{0EEEE7D3-8B89-4245-9525-0885A39BB066}.Debug|x86.Build.0 = Debug|Any CPU
		{0EEEE7D3-8B89-4245-9525-0885A39BB066}.Release|Any CPU.ActiveCfg = Release|Any CPU
		{0EEEE7D3-8B89-4245-9525-0885A39BB066}.Release|Any CPU.Build.0 = Release|Any CPU
		{0EEEE7D3-8B89-4245-9525-0885A39BB066}.Release|x64.ActiveCfg = Release|Any CPU
		{0EEEE7D3-8B89-4245-9525-0885A39BB066}.Release|x64.Build.0 = Release|Any CPU
		{0EEEE7D3-8B89-4245-9525-0885A39BB066}.Release|x86.ActiveCfg = Release|Any CPU
		{0EEEE7D3-8B89-4245-9525-0885A39BB066}.Release|x86.Build.0 = Release|Any CPU
		{6AE65E17-E1AB-44F2-B6BF-E7A75811A58F}.Debug|Any CPU.ActiveCfg = Debug|Any CPU
		{6AE65E17-E1AB-44F2-B6BF-E7A75811A58F}.Debug|Any CPU.Build.0 = Debug|Any CPU
		{6AE65E17-E1AB-44F2-B6BF-E7A75811A58F}.Debug|x64.ActiveCfg = Debug|Any CPU
		{6AE65E17-E1AB-44F2-B6BF-E7A75811A58F}.Debug|x64.Build.0 = Debug|Any CPU
		{6AE65E17-E1AB-44F2-B6BF-E7A75811A58F}.Debug|x86.ActiveCfg = Debug|Any CPU
		{6AE65E17-E1AB-44F2-B6BF-E7A75811A58F}.Debug|x86.Build.0 = Debug|Any CPU
		{6AE65E17-E1AB-44F2-B6BF-E7A75811A58F}.Release|Any CPU.ActiveCfg = Release|Any CPU
		{6AE65E17-E1AB-44F2-B6BF-E7A75811A58F}.Release|Any CPU.Build.0 = Release|Any CPU
		{6AE65E17-E1AB-44F2-B6BF-E7A75811A58F}.Release|x64.ActiveCfg = Release|Any CPU
		{6AE65E17-E1AB-44F2-B6BF-E7A75811A58F}.Release|x64.Build.0 = Release|Any CPU
		{6AE65E17-E1AB-44F2-B6BF-E7A75811A58F}.Release|x86.ActiveCfg = Release|Any CPU
		{6AE65E17-E1AB-44F2-B6BF-E7A75811A58F}.Release|x86.Build.0 = Release|Any CPU
	EndGlobalSection
	GlobalSection(NestedProjects) = preSolution
		{70B3133F-7E77-47D7-9566-AB1E7E5BB1FF} = {26E947E8-D8C0-4B75-93C5-5A12FF88F956}
		{A7EE3539-C24C-4D44-8BD4-737435C679D7} = {26E947E8-D8C0-4B75-93C5-5A12FF88F956}
		{A7676D5C-F10D-4398-9685-39D45B653336} = {26E947E8-D8C0-4B75-93C5-5A12FF88F956}
		{4D2C220F-F671-4ACD-BE4B-023787A87C62} = {26E947E8-D8C0-4B75-93C5-5A12FF88F956}
		{6B1736B2-0149-41C9-8EC6-DCD0051DA6EC} = {6BC1F86F-80F3-4BB8-AC82-D586C55D8E46}
		{8358E378-7598-467A-9456-D0F06024F426} = {6BC1F86F-80F3-4BB8-AC82-D586C55D8E46}
		{0EEEE7D3-8B89-4245-9525-0885A39BB066} = {6BC1F86F-80F3-4BB8-AC82-D586C55D8E46}
		{6AE65E17-E1AB-44F2-B6BF-E7A75811A58F} = {6BC1F86F-80F3-4BB8-AC82-D586C55D8E46}
	EndGlobalSection
EndGlobal
